# THIS IS AN AUTOGENERATED FILE. DO NOT EDIT THIS FILE DIRECTLY.
# yarn lockfile v1


"@element-plus/icons-vue@^2.0.10":
  version "2.0.10"
  resolved "https://registry.npmmirror.com/@element-plus/icons-vue/-/icons-vue-2.0.10.tgz#60808d613c3dbdad025577022be8a972739ade21"
  integrity sha512-ygEZ1mwPjcPo/OulhzLE7mtDrQBWI8vZzEWSNB2W/RNCRjoQGwbaK4N8lV4rid7Ts4qvySU3njMN7YCiSlSaTQ==
